
Microsoft Visual Studio Solution File, Format Version 12.00
# Visual Studio Version 17
VisualStudioVersion = 17.8.34316.72
MinimumVisualStudioVersion = 10.0.40219.1
Project("{FAE04EC0-301F-11D3-BF4B-00C04F79EFBC}") = "RabbitMQ", "RabbitMQ.csproj", "{F4A190C7-56D0-4085-A83B-E84C37915F4E}"
EndProject
Global
	GlobalSection(SolutionConfigurationPlatforms) = preSolution
		Debug|Any CPU = Debug|Any CPU
		Release|Any CPU = Release|Any CPU
	EndGlobalSection
	GlobalSection(ProjectConfigurationPlatforms) = postSolution
		{F4A190C7-56D0-4085-A83B-E84C37915F4E}.Debug|Any CPU.ActiveCfg = Debug|Any CPU
		{F4A190C7-56D0-4085-A83B-E84C37915F4E}.Debug|Any CPU.Build.0 = Debug|Any CPU
		{F4A190C7-56D0-4085-A83B-E84C37915F4E}.Release|Any CPU.ActiveCfg = Release|Any CPU
		{F4A190C7-56D0-4085-A83B-E84C37915F4E}.Release|Any CPU.Build.0 = Release|Any CPU
	EndGlobalSection
	GlobalSection(SolutionProperties) = preSolution
		HideSolutionNode = FALSE
	EndGlobalSection
	GlobalSection(ExtensibilityGlobals) = postSolution
		SolutionGuid = {A9C78DF8-2881-4093-9749-5110BEA917BE}
	EndGlobalSection
EndGlobal
